
Microsoft Visual Studio Solution File, Format Version 12.00
# Visual Studio 15
VisualStudioVersion = 15.0.26730.16
MinimumVisualStudioVersion = 10.0.40219.1
Project("{FAE04EC0-301F-11D3-BF4B-00C04F79EFBC}") = "SampleAspNetCoreForFullFramework", "SampleAspNetCoreForFullFramework\SampleAspNetCoreForFullFramework.csproj", "{DB9122A3-88A6-417A-BDBD-2D1A93FFA56C}"
EndProject
Global
	GlobalSection(SolutionConfigurationPlatforms) = preSolution
		Debug|Any CPU = Debug|Any CPU
		Release|Any CPU = Release|Any CPU
	EndGlobalSection
	GlobalSection(ProjectConfigurationPlatforms) = postSolution
		{DB9122A3-88A6-417A-BDBD-2D1A93FFA56C}.Debug|Any CPU.ActiveCfg = Debug|Any CPU
		{DB9122A3-88A6-417A-BDBD-2D1A93FFA56C}.Debug|Any CPU.Build.0 = Debug|Any CPU
		{DB9122A3-88A6-417A-BDBD-2D1A93FFA56C}.Release|Any CPU.ActiveCfg = Release|Any CPU
		{DB9122A3-88A6-417A-BDBD-2D1A93FFA56C}.Release|Any CPU.Build.0 = Release|Any CPU
	EndGlobalSection
	GlobalSection(SolutionProperties) = preSolution
		HideSolutionNode = FALSE
	EndGlobalSection
	GlobalSection(ExtensibilityGlobals) = postSolution
		SolutionGuid = {9BBCBFA8-0886-418A-A65F-561F20854262}
	EndGlobalSection
EndGlobal
